
Microsoft Visual Studio Solution File, Format Version 12.00
# Visual Studio 15
VisualStudioVersion = 15.0.26730.16
MinimumVisualStudioVersion = 10.0.40219.1
Project("{FAE04EC0-301F-11D3-BF4B-00C04F79EFBC}") = "sampleclasslibrary", "ConsoleApp17\sampleclasslibrary.csproj", "{6E5094A6-7155-4BBF-B490-03EB22DE4762}"
EndProject
Global
	GlobalSection(SolutionConfigurationPlatforms) = preSolution
		Debug|Any CPU = Debug|Any CPU
		Release|Any CPU = Release|Any CPU
	EndGlobalSection
	GlobalSection(ProjectConfigurationPlatforms) = postSolution
		{6E5094A6-7155-4BBF-B490-03EB22DE4762}.Debug|Any CPU.ActiveCfg = Debug|Any CPU
		{6E5094A6-7155-4BBF-B490-03EB22DE4762}.Debug|Any CPU.Build.0 = Debug|Any CPU
		{6E5094A6-7155-4BBF-B490-03EB22DE4762}.Release|Any CPU.ActiveCfg = Release|Any CPU
		{6E5094A6-7155-4BBF-B490-03EB22DE4762}.Release|Any CPU.Build.0 = Release|Any CPU
	EndGlobalSection
	GlobalSection(SolutionProperties) = preSolution
		HideSolutionNode = FALSE
	EndGlobalSection
	GlobalSection(ExtensibilityGlobals) = postSolution
		SolutionGuid = {E977E7E8-CEB4-4B70-B697-63768EFEF4DC}
	EndGlobalSection
EndGlobal
